
Microsoft Visual Studio Solution File, Format Version 12.00
# Visual Studio Version 17
VisualStudioVersion = 17.2.32516.85
MinimumVisualStudioVersion = 10.0.40219.1
Project("{6EC3EE1D-3C4E-46DD-8F32-0CC8E7565705}") = "edge-logger", "edge-logger.fsproj", "{C8415A8B-C88D-4157-B80C-18A0F9D25E28}"
EndProject
Project("{6EC3EE1D-3C4E-46DD-8F32-0CC8E7565705}") = "edge-logger.tools", "..\edge-logger.tools\edge-logger.tools.fsproj", "{5FBEC615-8A8B-425C-BB45-1D32F5D7CE4C}"
EndProject
Project("{6EC3EE1D-3C4E-46DD-8F32-0CC8E7565705}") = "edge-logger.test", "..\edge-logger.test\edge-logger.test.fsproj", "{9C3EF959-ACC1-4C75-B08F-5BEF9B2E590D}"
EndProject
Global
	GlobalSection(SolutionConfigurationPlatforms) = preSolution
		Debug|Any CPU = Debug|Any CPU
		Release|Any CPU = Release|Any CPU
	EndGlobalSection
	GlobalSection(ProjectConfigurationPlatforms) = postSolution
		{C8415A8B-C88D-4157-B80C-18A0F9D25E28}.Debug|Any CPU.ActiveCfg = Debug|Any CPU
		{C8415A8B-C88D-4157-B80C-18A0F9D25E28}.Debug|Any CPU.Build.0 = Debug|Any CPU
		{C8415A8B-C88D-4157-B80C-18A0F9D25E28}.Release|Any CPU.ActiveCfg = Release|Any CPU
		{C8415A8B-C88D-4157-B80C-18A0F9D25E28}.Release|Any CPU.Build.0 = Release|Any CPU
		{5FBEC615-8A8B-425C-BB45-1D32F5D7CE4C}.Debug|Any CPU.ActiveCfg = Debug|Any CPU
		{5FBEC615-8A8B-425C-BB45-1D32F5D7CE4C}.Debug|Any CPU.Build.0 = Debug|Any CPU
		{5FBEC615-8A8B-425C-BB45-1D32F5D7CE4C}.Release|Any CPU.ActiveCfg = Release|Any CPU
		{5FBEC615-8A8B-425C-BB45-1D32F5D7CE4C}.Release|Any CPU.Build.0 = Release|Any CPU
		{9C3EF959-ACC1-4C75-B08F-5BEF9B2E590D}.Debug|Any CPU.ActiveCfg = Debug|Any CPU
		{9C3EF959-ACC1-4C75-B08F-5BEF9B2E590D}.Debug|Any CPU.Build.0 = Debug|Any CPU
		{9C3EF959-ACC1-4C75-B08F-5BEF9B2E590D}.Release|Any CPU.ActiveCfg = Release|Any CPU
		{9C3EF959-ACC1-4C75-B08F-5BEF9B2E590D}.Release|Any CPU.Build.0 = Release|Any CPU
	EndGlobalSection
	GlobalSection(SolutionProperties) = preSolution
		HideSolutionNode = FALSE
	EndGlobalSection
	GlobalSection(ExtensibilityGlobals) = postSolution
		SolutionGuid = {0C0F51BE-D010-417B-87E6-81670321304D}
	EndGlobalSection
EndGlobal
